<?xml version="1.0" encoding="utf-8"?>
<Project ToolsVersion="4.0" xmlns="http://schemas.microsoft.com/developer/msbuild/2003">
  <ItemGroup>
    <Filter Include="Dao">
      <UniqueIdentifier>{0999f747-3f7d-4acd-be5a-9ee7e2f5d5d8}</UniqueIdentifier>
    </Filter>
    <Filter Include="Global">
      <UniqueIdentifier>{cc05baf6-ed0d-4748-a59c-2ac9a83de784}</UniqueIdentifier>
    </Filter>
    <Filter Include="Global\Header Files">
      <UniqueIdentifier>{d4543abb-1ae7-4774-b98e-d776de52df0f}</UniqueIdentifier>
    </Filter>
    <Filter Include="Global\Source Files">
      <UniqueIdentifier>{043481fd-9d24-44fe-ac30-d92b49334066}</UniqueIdentifier>
    </Filter>
    <Filter Include="Logic">
      <UniqueIdentifier>{fbc4037c-9af1-4a29-8cbb-4d9ef3a30999}</UniqueIdentifier>
    </Filter>
    <Filter Include="Logic\Header Files">
      <UniqueIdentifier>{459032f1-cfb7-4f90-b4c4-f24845342661}</UniqueIdentifier>
    </Filter>
    <Filter Include="Logic\Source Files">
      <UniqueIdentifier>{892b9662-31a0-4363-8f5e-0bd4a5b33f0a}</UniqueIdentifier>
    </Filter>
    <Filter Include="View">
      <UniqueIdentifier>{0a8fdb52-b5a8-436c-8f4c-3d51e70a05fe}</UniqueIdentifier>
    </Filter>
    <Filter Include="View\Header Files">
      <UniqueIdentifier>{bdb049db-3e9c-4383-8283-ff708aa629eb}</UniqueIdentifier>
    </Filter>
    <Filter Include="View\Source Files">
      <UniqueIdentifier>{9e996599-a8f0-403d-9fa7-493d21c806ce}</UniqueIdentifier>
    </Filter>
    <Filter Include="Util">
      <UniqueIdentifier>{3bba05e1-8895-47fc-8b9b-17a958ea106c}</UniqueIdentifier>
    </Filter>
    <Filter Include="Entity">
      <UniqueIdentifier>{41e51289-9e68-43d4-880d-d5636a0f5398}</UniqueIdentifier>
    </Filter>
    <Filter Include="Resource Files">
      <UniqueIdentifier>{fc844f28-5363-4eb0-b9ec-0ad15361904c}</UniqueIdentifier>
    </Filter>
    <Filter Include="Entity\Source Files">
      <UniqueIdentifier>{2080be5f-cb78-4bb0-a809-a8268aac8a96}</UniqueIdentifier>
    </Filter>
    <Filter Include="Entity\Header Files">
      <UniqueIdentifier>{fad54fa9-ec22-4612-ad6b-670e1a5df448}</UniqueIdentifier>
    </Filter>
    <Filter Include="Util\Header Files">
      <UniqueIdentifier>{1799cf08-0d8c-4a7e-a4de-b47f766b60cc}</UniqueIdentifier>
    </Filter>
    <Filter Include="Util\Source Files">
      <UniqueIdentifier>{b0a3ea01-df3f-4c97-9996-a2fa4edb2f5d}</UniqueIdentifier>
    </Filter>
    <Filter Include="Dao\Header Files">
      <UniqueIdentifier>{edeb89b6-c16d-4d78-a20d-f24b8f083926}</UniqueIdentifier>
    </Filter>
    <Filter Include="Dao\Source Files">
      <UniqueIdentifier>{670967d3-d7ed-40c8-a7b2-d971e852bce3}</UniqueIdentifier>
    </Filter>
  </ItemGroup>
  <ItemGroup>
    <Text Include="ReadMe.txt" />
  </ItemGroup>
  <ItemGroup>
    <ClInclude Include="Resource.h">
      <Filter>Global\Header Files</Filter>
    </ClInclude>
    <ClInclude Include="stdafx.h">
      <Filter>Global\Header Files</Filter>
    </ClInclude>
    <ClInclude Include="targetver.h">
      <Filter>Global\Header Files</Filter>
    </ClInclude>
    <ClInclude Include="Global.h">
      <Filter>Global\Header Files</Filter>
    </ClInclude>
    <ClInclude Include="DBMS.h">
      <Filter>Global\Header Files</Filter>
    </ClInclude>
    <ClInclude Include="DBMSDoc.h">
      <Filter>Logic\Header Files</Filter>
    </ClInclude>
    <ClInclude Include="DBMSView.h">
      <Filter>View\Header Files</Filter>
    </ClInclude>
    <ClInclude Include="MainFrm.h">
      <Filter>View\Header Files</Filter>
    </ClInclude>
    <ClInclude Include="DBTreeView.h">
      <Filter>View\Header Files</Filter>
    </ClInclude>
    <ClInclude Include="AppException.h">
      <Filter>Util\Header Files</Filter>
    </ClInclude>
    <ClInclude Include="DBEntity.h">
      <Filter>Entity\Header Files</Filter>
    </ClInclude>
    <ClInclude Include="FieldEntity.h">
      <Filter>Entity\Header Files</Filter>
    </ClInclude>
    <ClInclude Include="TableEntity.h">
      <Filter>Entity\Header Files</Filter>
    </ClInclude>
    <ClInclude Include="RecordEntity.h">
      <Filter>Entity\Header Files</Filter>
    </ClInclude>
    <ClInclude Include="DBDao.h">
      <Filter>Dao\Header Files</Filter>
    </ClInclude>
    <ClInclude Include="DBLogic.h">
      <Filter>Logic\Header Files</Filter>
    </ClInclude>
    <ClInclude Include="FileLogic.h">
      <Filter>Logic\Header Files</Filter>
    </ClInclude>
    <ClInclude Include="DataStructure.h">
      <Filter>Global\Header Files</Filter>
    </ClInclude>
    <ClInclude Include="FileUtil.h">
      <Filter>Util\Header Files</Filter>
    </ClInclude>
    <ClInclude Include="CharUtil.h">
      <Filter>Util\Header Files</Filter>
    </ClInclude>
    <ClInclude Include="CREATEDatabaseDlg.h">
      <Filter>View\Header Files</Filter>
    </ClInclude>
    <ClInclude Include="TableLogic.h">
      <Filter>Logic\Header Files</Filter>
    </ClInclude>
    <ClInclude Include="TableDao.h">
      <Filter>Dao\Header Files</Filter>
    </ClInclude>
    <ClInclude Include="CREATETableDlg.h">
      <Filter>View\Header Files</Filter>
    </ClInclude>
    <ClInclude Include="RENAMETableDlg.h">
      <Filter>View\Header Files</Filter>
    </ClInclude>
    <ClInclude Include="ADDFieldDlg.h">
      <Filter>View\Header Files</Filter>
    </ClInclude>
    <ClInclude Include="TableView.h">
      <Filter>View\Header Files</Filter>
    </ClInclude>
    <ClInclude Include="RecordsView.h">
      <Filter>View\Header Files</Filter>
    </ClInclude>
    <ClInclude Include="INSERTRecordDlg.h">
      <Filter>View\Header Files</Filter>
    </ClInclude>
    <ClInclude Include="RecordDao.h">
      <Filter>Dao\Header Files</Filter>
    </ClInclude>
    <ClInclude Include="RecordLogic.h">
      <Filter>Logic\Header Files</Filter>
    </ClInclude>
    <ClInclude Include="TimeUtil.h">
      <Filter>Util\Header Files</Filter>
    </ClInclude>
  </ItemGroup>
  <ItemGroup>
    <ClCompile Include="DBMSDoc.cpp">
      <Filter>Logic\Source Files</Filter>
    </ClCompile>
    <ClCompile Include="stdafx.cpp">
      <Filter>Global\Source Files</Filter>
    </ClCompile>
    <ClCompile Include="DBMS.cpp">
      <Filter>Global\Source Files</Filter>
    </ClCompile>
    <ClCompile Include="DBMSView.cpp">
      <Filter>View\Source Files</Filter>
    </ClCompile>
    <ClCompile Include="MainFrm.cpp">
      <Filter>View\Source Files</Filter>
    </ClCompile>
    <ClCompile Include="DBTreeView.cpp">
      <Filter>View\Source Files</Filter>
    </ClCompile>
    <ClCompile Include="AppException.cpp">
      <Filter>Util\Source Files</Filter>
    </ClCompile>
    <ClCompile Include="DBEntity.cpp">
      <Filter>Entity\Source Files</Filter>
    </ClCompile>
    <ClCompile Include="FieldEntity.cpp">
      <Filter>Entity\Source Files</Filter>
    </ClCompile>
    <ClCompile Include="TableEntity.cpp">
      <Filter>Entity\Source Files</Filter>
    </ClCompile>
    <ClCompile Include="RecordEntity.cpp">
      <Filter>Entity\Source Files</Filter>
    </ClCompile>
    <ClCompile Include="DBDao.cpp">
      <Filter>Dao\Source Files</Filter>
    </ClCompile>
    <ClCompile Include="DBLogic.cpp">
      <Filter>Logic\Source Files</Filter>
    </ClCompile>
    <ClCompile Include="FileLogic.cpp">
      <Filter>Logic\Source Files</Filter>
    </ClCompile>
    <ClCompile Include="FileUtil.cpp">
      <Filter>Util\Source Files</Filter>
    </ClCompile>
    <ClCompile Include="CharUtil.cpp">
      <Filter>Util\Source Files</Filter>
    </ClCompile>
    <ClCompile Include="CREATEDatabaseDlg.cpp">
      <Filter>View\Source Files</Filter>
    </ClCompile>
    <ClCompile Include="TableLogic.cpp">
      <Filter>Logic\Source Files</Filter>
    </ClCompile>
    <ClCompile Include="TableDao.cpp">
      <Filter>Dao\Source Files</Filter>
    </ClCompile>
    <ClCompile Include="CREATETableDlg.cpp">
      <Filter>View\Source Files</Filter>
    </ClCompile>
    <ClCompile Include="RENAMETableDlg.cpp">
      <Filter>View\Source Files</Filter>
    </ClCompile>
    <ClCompile Include="ADDFieldDlg.cpp">
      <Filter>View\Source Files</Filter>
    </ClCompile>
    <ClCompile Include="TableView.cpp">
      <Filter>View\Source Files</Filter>
    </ClCompile>
    <ClCompile Include="RecordsView.cpp">
      <Filter>View\Source Files</Filter>
    </ClCompile>
    <ClCompile Include="INSERTRecordDlg.cpp">
      <Filter>View\Source Files</Filter>
    </ClCompile>
    <ClCompile Include="RecordDao.cpp">
      <Filter>Dao\Source Files</Filter>
    </ClCompile>
    <ClCompile Include="RecordLogic.cpp">
      <Filter>Logic\Source Files</Filter>
    </ClCompile>
    <ClCompile Include="TimeUtil.cpp">
      <Filter>Util\Source Files</Filter>
    </ClCompile>
  </ItemGroup>
  <ItemGroup>
    <Image Include="res\DBMS.ico">
      <Filter>Resource Files</Filter>
    </Image>
    <Image Include="res\DBMSDoc.ico">
      <Filter>Resource Files</Filter>
    </Image>
    <Image Include="res\Toolbar.bmp">
      <Filter>Resource Files</Filter>
    </Image>
    <Image Include="res\table.ico">
      <Filter>Resource Files</Filter>
    </Image>
    <Image Include="res\icon1.ico">
      <Filter>Resource Files</Filter>
    </Image>
    <Image Include="res\database.ico">
      <Filter>Resource Files</Filter>
    </Image>
    <Image Include="res\child.ico">
      <Filter>Resource Files</Filter>
    </Image>
  </ItemGroup>
  <ItemGroup>
    <ResourceCompile Include="DBMS.rc">
      <Filter>Resource Files</Filter>
    </ResourceCompile>
  </ItemGroup>
  <ItemGroup>
    <None Include="res\DBMS.rc2">
      <Filter>Resource Files</Filter>
    </None>
  </ItemGroup>
</Project>